
Microsoft Visual Studio Solution File, Format Version 12.00
Project("{FAE04EC0-301F-11D3-BF4B-00C04F79EFBC}") = "core-api", "core-api.csproj", "{313D95D8-D00D-4392-ABC1-CBD64A42DD07}"
EndProject
Global
	GlobalSection(SolutionConfigurationPlatforms) = preSolution
		Debug|Any CPU = Debug|Any CPU
		Release|Any CPU = Release|Any CPU
	EndGlobalSection
	GlobalSection(ProjectConfigurationPlatforms) = postSolution
		{313D95D8-D00D-4392-ABC1-CBD64A42DD07}.Debug|Any CPU.ActiveCfg = Debug|Any CPU
		{313D95D8-D00D-4392-ABC1-CBD64A42DD07}.Debug|Any CPU.Build.0 = Debug|Any CPU
		{313D95D8-D00D-4392-ABC1-CBD64A42DD07}.Release|Any CPU.ActiveCfg = Release|Any CPU
		{313D95D8-D00D-4392-ABC1-CBD64A42DD07}.Release|Any CPU.Build.0 = Release|Any CPU
	EndGlobalSection
EndGlobal
